
Microsoft Visual Studio Solution File, Format Version 12.00
# Visual Studio 2012
Project("{FAE04EC0-301F-11D3-BF4B-00C04F79EFBC}") = "Socially", "Socially\Socially.csproj", "{891F6661-7105-44B5-8176-035088E4426E}"
EndProject
Global
	GlobalSection(SolutionConfigurationPlatforms) = preSolution
		Debug|Any CPU = Debug|Any CPU
		Release|Any CPU = Release|Any CPU
	EndGlobalSection
	GlobalSection(ProjectConfigurationPlatforms) = postSolution
		{891F6661-7105-44B5-8176-035088E4426E}.Debug|Any CPU.ActiveCfg = Debug|Any CPU
		{891F6661-7105-44B5-8176-035088E4426E}.Debug|Any CPU.Build.0 = Debug|Any CPU
		{891F6661-7105-44B5-8176-035088E4426E}.Release|Any CPU.ActiveCfg = Release|Any CPU
		{891F6661-7105-44B5-8176-035088E4426E}.Release|Any CPU.Build.0 = Release|Any CPU
	EndGlobalSection
	GlobalSection(SolutionProperties) = preSolution
		HideSolutionNode = FALSE
	EndGlobalSection
EndGlobal
